
Microsoft Visual Studio Solution File, Format Version 11.00
# Visual Studio 2010
Project("{FAE04EC0-301F-11D3-BF4B-00C04F79EFBC}") = "MoveGen", "MoveGen\MoveGen.csproj", "{BE5B2CD9-4C56-4D07-89A9-9E03A9F655A9}"
EndProject
Project("{FAE04EC0-301F-11D3-BF4B-00C04F79EFBC}") = "MoveGenTests", "MoveGenTests\MoveGenTests.csproj", "{3CD712B0-F47D-4FE7-9F4B-80F471AA10D3}"
EndProject
Project("{FAE04EC0-301F-11D3-BF4B-00C04F79EFBC}") = "BitBoard", "..\BitBoard\BitBoard\BitBoard.csproj", "{A1284860-38EA-4106-AE4E-97153A5F7F1D}"
EndProject
Project("{FAE04EC0-301F-11D3-BF4B-00C04F79EFBC}") = "MoveGenRUnner", "MoveGenRUnner\MoveGenRUnner.csproj", "{2B323BAC-EFD1-4DC8-BAEE-367520A526F3}"
EndProject
Project("{FAE04EC0-301F-11D3-BF4B-00C04F79EFBC}") = "driver", "driver\driver.csproj", "{23DF2500-F3D8-45CD-B700-DA4CFA509044}"
EndProject
Global
	GlobalSection(SolutionConfigurationPlatforms) = preSolution
		Debug|Any CPU = Debug|Any CPU
		Debug|Mixed Platforms = Debug|Mixed Platforms
		Debug|x86 = Debug|x86
		Release|Any CPU = Release|Any CPU
		Release|Mixed Platforms = Release|Mixed Platforms
		Release|x86 = Release|x86
	EndGlobalSection
	GlobalSection(ProjectConfigurationPlatforms) = postSolution
		{BE5B2CD9-4C56-4D07-89A9-9E03A9F655A9}.Debug|Any CPU.ActiveCfg = Debug|Any CPU
		{BE5B2CD9-4C56-4D07-89A9-9E03A9F655A9}.Debug|Any CPU.Build.0 = Debug|Any CPU
		{BE5B2CD9-4C56-4D07-89A9-9E03A9F655A9}.Debug|Mixed Platforms.ActiveCfg = Debug|Any CPU
		{BE5B2CD9-4C56-4D07-89A9-9E03A9F655A9}.Debug|Mixed Platforms.Build.0 = Debug|Any CPU
		{BE5B2CD9-4C56-4D07-89A9-9E03A9F655A9}.Debug|x86.ActiveCfg = Debug|Any CPU
		{BE5B2CD9-4C56-4D07-89A9-9E03A9F655A9}.Release|Any CPU.ActiveCfg = Release|Any CPU
		{BE5B2CD9-4C56-4D07-89A9-9E03A9F655A9}.Release|Any CPU.Build.0 = Release|Any CPU
		{BE5B2CD9-4C56-4D07-89A9-9E03A9F655A9}.Release|Mixed Platforms.ActiveCfg = Release|Any CPU
		{BE5B2CD9-4C56-4D07-89A9-9E03A9F655A9}.Release|Mixed Platforms.Build.0 = Release|Any CPU
		{BE5B2CD9-4C56-4D07-89A9-9E03A9F655A9}.Release|x86.ActiveCfg = Release|Any CPU
		{3CD712B0-F47D-4FE7-9F4B-80F471AA10D3}.Debug|Any CPU.ActiveCfg = Debug|Any CPU
		{3CD712B0-F47D-4FE7-9F4B-80F471AA10D3}.Debug|Any CPU.Build.0 = Debug|Any CPU
		{3CD712B0-F47D-4FE7-9F4B-80F471AA10D3}.Debug|Mixed Platforms.ActiveCfg = Debug|Any CPU
		{3CD712B0-F47D-4FE7-9F4B-80F471AA10D3}.Debug|Mixed Platforms.Build.0 = Debug|Any CPU
		{3CD712B0-F47D-4FE7-9F4B-80F471AA10D3}.Debug|x86.ActiveCfg = Debug|Any CPU
		{3CD712B0-F47D-4FE7-9F4B-80F471AA10D3}.Release|Any CPU.ActiveCfg = Release|Any CPU
		{3CD712B0-F47D-4FE7-9F4B-80F471AA10D3}.Release|Any CPU.Build.0 = Release|Any CPU
		{3CD712B0-F47D-4FE7-9F4B-80F471AA10D3}.Release|Mixed Platforms.ActiveCfg = Release|Any CPU
		{3CD712B0-F47D-4FE7-9F4B-80F471AA10D3}.Release|Mixed Platforms.Build.0 = Release|Any CPU
		{3CD712B0-F47D-4FE7-9F4B-80F471AA10D3}.Release|x86.ActiveCfg = Release|Any CPU
		{A1284860-38EA-4106-AE4E-97153A5F7F1D}.Debug|Any CPU.ActiveCfg = Debug|Any CPU
		{A1284860-38EA-4106-AE4E-97153A5F7F1D}.Debug|Any CPU.Build.0 = Debug|Any CPU
		{A1284860-38EA-4106-AE4E-97153A5F7F1D}.Debug|Mixed Platforms.ActiveCfg = Debug|Any CPU
		{A1284860-38EA-4106-AE4E-97153A5F7F1D}.Debug|Mixed Platforms.Build.0 = Debug|Any CPU
		{A1284860-38EA-4106-AE4E-97153A5F7F1D}.Debug|x86.ActiveCfg = Debug|Any CPU
		{A1284860-38EA-4106-AE4E-97153A5F7F1D}.Release|Any CPU.ActiveCfg = Release|Any CPU
		{A1284860-38EA-4106-AE4E-97153A5F7F1D}.Release|Any CPU.Build.0 = Release|Any CPU
		{A1284860-38EA-4106-AE4E-97153A5F7F1D}.Release|Mixed Platforms.ActiveCfg = Release|Any CPU
		{A1284860-38EA-4106-AE4E-97153A5F7F1D}.Release|Mixed Platforms.Build.0 = Release|Any CPU
		{A1284860-38EA-4106-AE4E-97153A5F7F1D}.Release|x86.ActiveCfg = Release|Any CPU
		{2B323BAC-EFD1-4DC8-BAEE-367520A526F3}.Debug|Any CPU.ActiveCfg = Debug|x86
		{2B323BAC-EFD1-4DC8-BAEE-367520A526F3}.Debug|Mixed Platforms.ActiveCfg = Debug|x86
		{2B323BAC-EFD1-4DC8-BAEE-367520A526F3}.Debug|Mixed Platforms.Build.0 = Debug|x86
		{2B323BAC-EFD1-4DC8-BAEE-367520A526F3}.Debug|x86.ActiveCfg = Debug|x86
		{2B323BAC-EFD1-4DC8-BAEE-367520A526F3}.Debug|x86.Build.0 = Debug|x86
		{2B323BAC-EFD1-4DC8-BAEE-367520A526F3}.Release|Any CPU.ActiveCfg = Release|x86
		{2B323BAC-EFD1-4DC8-BAEE-367520A526F3}.Release|Mixed Platforms.ActiveCfg = Release|x86
		{2B323BAC-EFD1-4DC8-BAEE-367520A526F3}.Release|Mixed Platforms.Build.0 = Release|x86
		{2B323BAC-EFD1-4DC8-BAEE-367520A526F3}.Release|x86.ActiveCfg = Release|x86
		{2B323BAC-EFD1-4DC8-BAEE-367520A526F3}.Release|x86.Build.0 = Release|x86
		{23DF2500-F3D8-45CD-B700-DA4CFA509044}.Debug|Any CPU.ActiveCfg = Debug|x86
		{23DF2500-F3D8-45CD-B700-DA4CFA509044}.Debug|Mixed Platforms.ActiveCfg = Debug|x86
		{23DF2500-F3D8-45CD-B700-DA4CFA509044}.Debug|Mixed Platforms.Build.0 = Debug|x86
		{23DF2500-F3D8-45CD-B700-DA4CFA509044}.Debug|x86.ActiveCfg = Debug|x86
		{23DF2500-F3D8-45CD-B700-DA4CFA509044}.Debug|x86.Build.0 = Debug|x86
		{23DF2500-F3D8-45CD-B700-DA4CFA509044}.Release|Any CPU.ActiveCfg = Release|x86
		{23DF2500-F3D8-45CD-B700-DA4CFA509044}.Release|Mixed Platforms.ActiveCfg = Release|x86
		{23DF2500-F3D8-45CD-B700-DA4CFA509044}.Release|Mixed Platforms.Build.0 = Release|x86
		{23DF2500-F3D8-45CD-B700-DA4CFA509044}.Release|x86.ActiveCfg = Release|x86
		{23DF2500-F3D8-45CD-B700-DA4CFA509044}.Release|x86.Build.0 = Release|x86
	EndGlobalSection
	GlobalSection(SolutionProperties) = preSolution
		HideSolutionNode = FALSE
	EndGlobalSection
EndGlobal
